
Microsoft Visual Studio Solution File, Format Version 12.00
Project("{FAE04EC0-301F-11D3-BF4B-00C04F79EFBC}") = "Kommissar", "Kommissar\Kommissar.csproj", "{ADEF9AEE-F862-4DCF-A381-E5CD7168F1C8}"
EndProject
Project("{FAE04EC0-301F-11D3-BF4B-00C04F79EFBC}") = "Kommissar.Tests", "Kommissar.Tests\Kommissar.Tests.csproj", "{BC2E3496-F32C-4282-BF57-BD5C94F4BD7D}"
EndProject
Global
	GlobalSection(SolutionConfigurationPlatforms) = preSolution
		Debug|Any CPU = Debug|Any CPU
		Release|Any CPU = Release|Any CPU
	EndGlobalSection
	GlobalSection(ProjectConfigurationPlatforms) = postSolution
		{ADEF9AEE-F862-4DCF-A381-E5CD7168F1C8}.Debug|Any CPU.ActiveCfg = Debug|Any CPU
		{ADEF9AEE-F862-4DCF-A381-E5CD7168F1C8}.Debug|Any CPU.Build.0 = Debug|Any CPU
		{ADEF9AEE-F862-4DCF-A381-E5CD7168F1C8}.Release|Any CPU.ActiveCfg = Release|Any CPU
		{ADEF9AEE-F862-4DCF-A381-E5CD7168F1C8}.Release|Any CPU.Build.0 = Release|Any CPU
		{BC2E3496-F32C-4282-BF57-BD5C94F4BD7D}.Debug|Any CPU.ActiveCfg = Debug|Any CPU
		{BC2E3496-F32C-4282-BF57-BD5C94F4BD7D}.Debug|Any CPU.Build.0 = Debug|Any CPU
		{BC2E3496-F32C-4282-BF57-BD5C94F4BD7D}.Release|Any CPU.ActiveCfg = Release|Any CPU
		{BC2E3496-F32C-4282-BF57-BD5C94F4BD7D}.Release|Any CPU.Build.0 = Release|Any CPU
	EndGlobalSection
EndGlobal
